
Microsoft Visual Studio Solution File, Format Version 12.00
# Visual Studio Version 17
VisualStudioVersion = 17.8.34330.188
MinimumVisualStudioVersion = 10.0.40219.1
Project("{FAE04EC0-301F-11D3-BF4B-00C04F79EFBC}") = "Schedule_Project", "Schedule_Project\Schedule_Project.csproj", "{C1BE6C3D-F802-43DA-AE4C-888E9E6D0F54}"
EndProject
Global
	GlobalSection(SolutionConfigurationPlatforms) = preSolution
		Debug|Any CPU = Debug|Any CPU
		Release|Any CPU = Release|Any CPU
	EndGlobalSection
	GlobalSection(ProjectConfigurationPlatforms) = postSolution
		{C1BE6C3D-F802-43DA-AE4C-888E9E6D0F54}.Debug|Any CPU.ActiveCfg = Debug|Any CPU
		{C1BE6C3D-F802-43DA-AE4C-888E9E6D0F54}.Debug|Any CPU.Build.0 = Debug|Any CPU
		{C1BE6C3D-F802-43DA-AE4C-888E9E6D0F54}.Release|Any CPU.ActiveCfg = Release|Any CPU
		{C1BE6C3D-F802-43DA-AE4C-888E9E6D0F54}.Release|Any CPU.Build.0 = Release|Any CPU
	EndGlobalSection
	GlobalSection(SolutionProperties) = preSolution
		HideSolutionNode = FALSE
	EndGlobalSection
	GlobalSection(ExtensibilityGlobals) = postSolution
		SolutionGuid = {8F861F82-8C70-416E-9D17-C68F2DD47E88}
	EndGlobalSection
EndGlobal
